
Microsoft Visual Studio Solution File, Format Version 12.00
# Visual Studio 15
VisualStudioVersion = 15.0.28307.539
MinimumVisualStudioVersion = 10.0.40219.1
Project("{FAE04EC0-301F-11D3-BF4B-00C04F79EFBC}") = "QuanLyNhaHang", "Restaurant Project\QuanLyNhaHang.csproj", "{12196537-2B23-4543-8C8E-BCB8C0B511C0}"
EndProject
Project("{FAE04EC0-301F-11D3-BF4B-00C04F79EFBC}") = "LoginTest", "LoginTest\LoginTest.csproj", "{B0A6E681-08EF-4045-92C0-F25433EC8346}"
EndProject
Project("{FAE04EC0-301F-11D3-BF4B-00C04F79EFBC}") = "TestLogin", "TestLogin\TestLogin.csproj", "{1EF46364-517C-4F59-9F9C-174CC537F4F1}"
EndProject
Global
	GlobalSection(SolutionConfigurationPlatforms) = preSolution
		Debug|Any CPU = Debug|Any CPU
		Release|Any CPU = Release|Any CPU
	EndGlobalSection
	GlobalSection(ProjectConfigurationPlatforms) = postSolution
		{12196537-2B23-4543-8C8E-BCB8C0B511C0}.Debug|Any CPU.ActiveCfg = Debug|Any CPU
		{12196537-2B23-4543-8C8E-BCB8C0B511C0}.Debug|Any CPU.Build.0 = Debug|Any CPU
		{12196537-2B23-4543-8C8E-BCB8C0B511C0}.Release|Any CPU.ActiveCfg = Release|Any CPU
		{12196537-2B23-4543-8C8E-BCB8C0B511C0}.Release|Any CPU.Build.0 = Release|Any CPU
		{B0A6E681-08EF-4045-92C0-F25433EC8346}.Debug|Any CPU.ActiveCfg = Debug|Any CPU
		{B0A6E681-08EF-4045-92C0-F25433EC8346}.Debug|Any CPU.Build.0 = Debug|Any CPU
		{B0A6E681-08EF-4045-92C0-F25433EC8346}.Release|Any CPU.ActiveCfg = Release|Any CPU
		{B0A6E681-08EF-4045-92C0-F25433EC8346}.Release|Any CPU.Build.0 = Release|Any CPU
		{1EF46364-517C-4F59-9F9C-174CC537F4F1}.Debug|Any CPU.ActiveCfg = Debug|Any CPU
		{1EF46364-517C-4F59-9F9C-174CC537F4F1}.Debug|Any CPU.Build.0 = Debug|Any CPU
		{1EF46364-517C-4F59-9F9C-174CC537F4F1}.Release|Any CPU.ActiveCfg = Release|Any CPU
		{1EF46364-517C-4F59-9F9C-174CC537F4F1}.Release|Any CPU.Build.0 = Release|Any CPU
	EndGlobalSection
	GlobalSection(SolutionProperties) = preSolution
		HideSolutionNode = FALSE
	EndGlobalSection
	GlobalSection(ExtensibilityGlobals) = postSolution
		SolutionGuid = {640766AE-BB9F-44FE-9F37-2B848F315E86}
	EndGlobalSection
EndGlobal
