
Microsoft Visual Studio Solution File, Format Version 12.00
# Visual Studio 15
VisualStudioVersion = 15.0.28307.539
MinimumVisualStudioVersion = 10.0.40219.1
Project("{FAE04EC0-301F-11D3-BF4B-00C04F79EFBC}") = "QuanLyNhaHang", "Restaurant Project\QuanLyNhaHang.csproj", "{12196537-2B23-4543-8C8E-BCB8C0B511C0}"
EndProject
Project("{FAE04EC0-301F-11D3-BF4B-00C04F79EFBC}") = "TestLogin", "TestLogin\TestLogin.csproj", "{1EF46364-517C-4F59-9F9C-174CC537F4F1}"
EndProject
Project("{FAE04EC0-301F-11D3-BF4B-00C04F79EFBC}") = "TestAccountProfile", "TestAccountProfile\TestAccountProfile.csproj", "{F24819BA-7D86-4E72-94CE-6C523D3E10DC}"
EndProject
Project("{FAE04EC0-301F-11D3-BF4B-00C04F79EFBC}") = "TestTableManager", "TestTableManager\TestTableManager.csproj", "{FD276497-76A8-425E-9CF9-84E29A5C1E08}"
EndProject
Project("{FAE04EC0-301F-11D3-BF4B-00C04F79EFBC}") = "TestFoods", "TestFoods\TestFoods.csproj", "{A22D72F8-E118-472D-90C6-0AEC030268F3}"
EndProject
Global
	GlobalSection(SolutionConfigurationPlatforms) = preSolution
		Debug|Any CPU = Debug|Any CPU
		Release|Any CPU = Release|Any CPU
	EndGlobalSection
	GlobalSection(ProjectConfigurationPlatforms) = postSolution
		{12196537-2B23-4543-8C8E-BCB8C0B511C0}.Debug|Any CPU.ActiveCfg = Debug|Any CPU
		{12196537-2B23-4543-8C8E-BCB8C0B511C0}.Debug|Any CPU.Build.0 = Debug|Any CPU
		{12196537-2B23-4543-8C8E-BCB8C0B511C0}.Release|Any CPU.ActiveCfg = Release|Any CPU
		{12196537-2B23-4543-8C8E-BCB8C0B511C0}.Release|Any CPU.Build.0 = Release|Any CPU
		{1EF46364-517C-4F59-9F9C-174CC537F4F1}.Debug|Any CPU.ActiveCfg = Debug|Any CPU
		{1EF46364-517C-4F59-9F9C-174CC537F4F1}.Debug|Any CPU.Build.0 = Debug|Any CPU
		{1EF46364-517C-4F59-9F9C-174CC537F4F1}.Release|Any CPU.ActiveCfg = Release|Any CPU
		{1EF46364-517C-4F59-9F9C-174CC537F4F1}.Release|Any CPU.Build.0 = Release|Any CPU
		{F24819BA-7D86-4E72-94CE-6C523D3E10DC}.Debug|Any CPU.ActiveCfg = Debug|Any CPU
		{F24819BA-7D86-4E72-94CE-6C523D3E10DC}.Debug|Any CPU.Build.0 = Debug|Any CPU
		{F24819BA-7D86-4E72-94CE-6C523D3E10DC}.Release|Any CPU.ActiveCfg = Release|Any CPU
		{F24819BA-7D86-4E72-94CE-6C523D3E10DC}.Release|Any CPU.Build.0 = Release|Any CPU
		{FD276497-76A8-425E-9CF9-84E29A5C1E08}.Debug|Any CPU.ActiveCfg = Debug|Any CPU
		{FD276497-76A8-425E-9CF9-84E29A5C1E08}.Debug|Any CPU.Build.0 = Debug|Any CPU
		{FD276497-76A8-425E-9CF9-84E29A5C1E08}.Release|Any CPU.ActiveCfg = Release|Any CPU
		{FD276497-76A8-425E-9CF9-84E29A5C1E08}.Release|Any CPU.Build.0 = Release|Any CPU
		{A22D72F8-E118-472D-90C6-0AEC030268F3}.Debug|Any CPU.ActiveCfg = Debug|Any CPU
		{A22D72F8-E118-472D-90C6-0AEC030268F3}.Debug|Any CPU.Build.0 = Debug|Any CPU
		{A22D72F8-E118-472D-90C6-0AEC030268F3}.Release|Any CPU.ActiveCfg = Release|Any CPU
		{A22D72F8-E118-472D-90C6-0AEC030268F3}.Release|Any CPU.Build.0 = Release|Any CPU
	EndGlobalSection
	GlobalSection(SolutionProperties) = preSolution
		HideSolutionNode = FALSE
	EndGlobalSection
	GlobalSection(ExtensibilityGlobals) = postSolution
		SolutionGuid = {640766AE-BB9F-44FE-9F37-2B848F315E86}
	EndGlobalSection
EndGlobal
